
Microsoft Visual Studio Solution File, Format Version 12.00
# Visual Studio Version 16
VisualStudioVersion = 16.0.30711.63
MinimumVisualStudioVersion = 10.0.40219.1
Project("{FAE04EC0-301F-11D3-BF4B-00C04F79EFBC}") = "Open-Lab-10.00", "Open-Lab-10.00\Open-Lab-10.00.csproj", "{0AB51815-1236-46EF-83B1-998503B5A56A}"
EndProject
Global
	GlobalSection(SolutionConfigurationPlatforms) = preSolution
		Debug|Any CPU = Debug|Any CPU
		Release|Any CPU = Release|Any CPU
	EndGlobalSection
	GlobalSection(ProjectConfigurationPlatforms) = postSolution
		{0AB51815-1236-46EF-83B1-998503B5A56A}.Debug|Any CPU.ActiveCfg = Debug|Any CPU
		{0AB51815-1236-46EF-83B1-998503B5A56A}.Debug|Any CPU.Build.0 = Debug|Any CPU
		{0AB51815-1236-46EF-83B1-998503B5A56A}.Release|Any CPU.ActiveCfg = Release|Any CPU
		{0AB51815-1236-46EF-83B1-998503B5A56A}.Release|Any CPU.Build.0 = Release|Any CPU
	EndGlobalSection
	GlobalSection(SolutionProperties) = preSolution
		HideSolutionNode = FALSE
	EndGlobalSection
	GlobalSection(ExtensibilityGlobals) = postSolution
		SolutionGuid = {C62EDDB0-D483-49C7-9AD5-60C44CA97471}
	EndGlobalSection
EndGlobal
